
Microsoft Visual Studio Solution File, Format Version 12.00
# Visual Studio 15
VisualStudioVersion = 15.0.28010.2003
MinimumVisualStudioVersion = 10.0.40219.1
Project("{FAE04EC0-301F-11D3-BF4B-00C04F79EFBC}") = "homework1_1", "homework1_1\homework1_1.csproj", "{E260405C-F563-4390-8765-8C32EB5D0F9E}"
EndProject
Project("{FAE04EC0-301F-11D3-BF4B-00C04F79EFBC}") = "homework1_2", "homework1_2\homework1_2.csproj", "{172E8A1A-B73F-4BD1-A824-D168932FBD51}"
EndProject
Global
	GlobalSection(SolutionConfigurationPlatforms) = preSolution
		Debug|Any CPU = Debug|Any CPU
		Release|Any CPU = Release|Any CPU
	EndGlobalSection
	GlobalSection(ProjectConfigurationPlatforms) = postSolution
		{E260405C-F563-4390-8765-8C32EB5D0F9E}.Debug|Any CPU.ActiveCfg = Debug|Any CPU
		{E260405C-F563-4390-8765-8C32EB5D0F9E}.Debug|Any CPU.Build.0 = Debug|Any CPU
		{E260405C-F563-4390-8765-8C32EB5D0F9E}.Release|Any CPU.ActiveCfg = Release|Any CPU
		{E260405C-F563-4390-8765-8C32EB5D0F9E}.Release|Any CPU.Build.0 = Release|Any CPU
		{172E8A1A-B73F-4BD1-A824-D168932FBD51}.Debug|Any CPU.ActiveCfg = Debug|Any CPU
		{172E8A1A-B73F-4BD1-A824-D168932FBD51}.Debug|Any CPU.Build.0 = Debug|Any CPU
		{172E8A1A-B73F-4BD1-A824-D168932FBD51}.Release|Any CPU.ActiveCfg = Release|Any CPU
		{172E8A1A-B73F-4BD1-A824-D168932FBD51}.Release|Any CPU.Build.0 = Release|Any CPU
	EndGlobalSection
	GlobalSection(SolutionProperties) = preSolution
		HideSolutionNode = FALSE
	EndGlobalSection
	GlobalSection(ExtensibilityGlobals) = postSolution
		SolutionGuid = {3EC27453-581A-4FDE-9736-42DAD65B72C1}
	EndGlobalSection
EndGlobal
