
Microsoft Visual Studio Solution File, Format Version 12.00
# Visual Studio 15
VisualStudioVersion = 15.0.28010.2003
MinimumVisualStudioVersion = 10.0.40219.1
Project("{FAE04EC0-301F-11D3-BF4B-00C04F79EFBC}") = "homework3", "ConsoleApp1\homework3.csproj", "{AF36101E-35E1-40D7-94B9-0C6AB406838E}"
EndProject
Global
	GlobalSection(SolutionConfigurationPlatforms) = preSolution
		Debug|Any CPU = Debug|Any CPU
		Release|Any CPU = Release|Any CPU
	EndGlobalSection
	GlobalSection(ProjectConfigurationPlatforms) = postSolution
		{AF36101E-35E1-40D7-94B9-0C6AB406838E}.Debug|Any CPU.ActiveCfg = Debug|Any CPU
		{AF36101E-35E1-40D7-94B9-0C6AB406838E}.Debug|Any CPU.Build.0 = Debug|Any CPU
		{AF36101E-35E1-40D7-94B9-0C6AB406838E}.Release|Any CPU.ActiveCfg = Release|Any CPU
		{AF36101E-35E1-40D7-94B9-0C6AB406838E}.Release|Any CPU.Build.0 = Release|Any CPU
	EndGlobalSection
	GlobalSection(SolutionProperties) = preSolution
		HideSolutionNode = FALSE
	EndGlobalSection
	GlobalSection(ExtensibilityGlobals) = postSolution
		SolutionGuid = {9B32C50C-D09A-44F3-ACC3-D12BB80CDDE1}
	EndGlobalSection
EndGlobal
