
Microsoft Visual Studio Solution File, Format Version 12.00
# Visual Studio 15
VisualStudioVersion = 15.0.28010.2003
MinimumVisualStudioVersion = 10.0.40219.1
Project("{FAE04EC0-301F-11D3-BF4B-00C04F79EFBC}") = "homework2_1", "homework2\homework2_1.csproj", "{8B1F050F-F518-4C76-8524-E4DD83FB83D7}"
EndProject
Project("{FAE04EC0-301F-11D3-BF4B-00C04F79EFBC}") = "homework2_2", "homework2_2\homework2_2.csproj", "{55AE1E03-5544-4DA5-BDC4-D198A50FFBC9}"
EndProject
Project("{FAE04EC0-301F-11D3-BF4B-00C04F79EFBC}") = "homework2_3", "homework2_3\homework2_3.csproj", "{27874BB0-F515-4E1B-A253-EEE196432063}"
EndProject
Global
	GlobalSection(SolutionConfigurationPlatforms) = preSolution
		Debug|Any CPU = Debug|Any CPU
		Release|Any CPU = Release|Any CPU
	EndGlobalSection
	GlobalSection(ProjectConfigurationPlatforms) = postSolution
		{8B1F050F-F518-4C76-8524-E4DD83FB83D7}.Debug|Any CPU.ActiveCfg = Debug|Any CPU
		{8B1F050F-F518-4C76-8524-E4DD83FB83D7}.Debug|Any CPU.Build.0 = Debug|Any CPU
		{8B1F050F-F518-4C76-8524-E4DD83FB83D7}.Release|Any CPU.ActiveCfg = Release|Any CPU
		{8B1F050F-F518-4C76-8524-E4DD83FB83D7}.Release|Any CPU.Build.0 = Release|Any CPU
		{55AE1E03-5544-4DA5-BDC4-D198A50FFBC9}.Debug|Any CPU.ActiveCfg = Debug|Any CPU
		{55AE1E03-5544-4DA5-BDC4-D198A50FFBC9}.Debug|Any CPU.Build.0 = Debug|Any CPU
		{55AE1E03-5544-4DA5-BDC4-D198A50FFBC9}.Release|Any CPU.ActiveCfg = Release|Any CPU
		{55AE1E03-5544-4DA5-BDC4-D198A50FFBC9}.Release|Any CPU.Build.0 = Release|Any CPU
		{27874BB0-F515-4E1B-A253-EEE196432063}.Debug|Any CPU.ActiveCfg = Debug|Any CPU
		{27874BB0-F515-4E1B-A253-EEE196432063}.Debug|Any CPU.Build.0 = Debug|Any CPU
		{27874BB0-F515-4E1B-A253-EEE196432063}.Release|Any CPU.ActiveCfg = Release|Any CPU
		{27874BB0-F515-4E1B-A253-EEE196432063}.Release|Any CPU.Build.0 = Release|Any CPU
	EndGlobalSection
	GlobalSection(SolutionProperties) = preSolution
		HideSolutionNode = FALSE
	EndGlobalSection
	GlobalSection(ExtensibilityGlobals) = postSolution
		SolutionGuid = {9EFC13D4-E960-475B-B488-4C69946DF527}
	EndGlobalSection
EndGlobal
